<?xml version="1.0" encoding="UTF-8"?>
<Scheme
   LastUpgradeVersion = "0900"
   version = "1.3">
   <BuildAction
      parallelizeBuildables = "YES"
      buildImplicitDependencies = "YES">
      <BuildActionEntries>
         <BuildActionEntry
            buildForTesting = "YES"
            buildForRunning = "YES"
            buildForProfiling = "YES"
            buildForArchiving = "YES"
            buildForAnalyzing = "YES">
            <BuildableReference
               BuildableIdentifier = "primary"
               BlueprintIdentifier = "879ADEBC1D98C409008E7735"
               BuildableName = "RingCentral.framework"
               BlueprintName = "RingCentral_macOS"
               ReferencedContainer = "container:RingCentral.xcodeproj">
            </BuildableReference>
         </BuildActionEntry>
      </BuildActionEntries>
   </BuildAction>
   <TestAction
      buildConfiguration = "Debug"
      selectedDebuggerIdentifier = "Xcode.DebuggerFoundation.Debugger.LLDB"
      selectedLauncherIdentifier = "Xcode.DebuggerFoundation.Launcher.LLDB"
      language = ""
      shouldUseLaunchSchemeArgsEnv = "YES"
      codeCoverageEnabled = "YES">
      <Testables>
         <TestableReference
            skipped = "NO">
            <BuildableReference
               BuildableIdentifier = "primary"
               BlueprintIdentifier = "879ADF021D98E646008E7735"
               BuildableName = "RingCentral_macOS_Tests.xctest"
               BlueprintName = "RingCentral_macOS_Tests"
               ReferencedContainer = "container:RingCentral.xcodeproj">
            </BuildableReference>
         </TestableReference>
      </Testables>
      <MacroExpansion>
         <BuildableReference
            BuildableIdentifier = "primary"
            BlueprintIdentifier = "879ADEBC1D98C409008E7735"
            BuildableName = "RingCentral.framework"
            BlueprintName = "RingCentral_macOS"
            ReferencedContainer = "container:RingCentral.xcodeproj">
         </BuildableReference>
      </MacroExpansion>
      <AdditionalOptions>
      </AdditionalOptions>
   </TestAction>
   <LaunchAction
      buildConfiguration = "Debug"
      selectedDebuggerIdentifier = "Xcode.DebuggerFoundation.Debugger.LLDB"
      selectedLauncherIdentifier = "Xcode.DebuggerFoundation.Launcher.LLDB"
      language = ""
      launchStyle = "0"
      useCustomWorkingDirectory = "NO"
      ignoresPersistentStateOnLaunch = "NO"
      debugDocumentVersioning = "YES"
      debugServiceExtension = "internal"
      allowLocationSimulation = "YES">
      <MacroExpansion>
         <BuildableReference
            BuildableIdentifier = "primary"
            BlueprintIdentifier = "879ADEBC1D98C409008E7735"
            BuildableName = "RingCentral.framework"
            BlueprintName = "RingCentral_macOS"
            ReferencedContainer = "container:RingCentral.xcodeproj">
         </BuildableReference>
      </MacroExpansion>
      <EnvironmentVariables>
         <EnvironmentVariable
            key = "rc_appKey"
            value = "33zQZlyQSPadH22cFIT0sw"
            isEnabled = "YES">
         </EnvironmentVariable>
         <EnvironmentVariable
            key = "rc_appSecret"
            value = "TgihqTjaSg2_63CmrNq6tA8n2riQTCQwGl4VoD0mRYTA"
            isEnabled = "YES">
         </EnvironmentVariable>
         <EnvironmentVariable
            key = "rc_receiver"
            value = "16505819954"
            isEnabled = "YES">
         </EnvironmentVariable>
         <EnvironmentVariable
            key = "rc_username"
            value = "17322764403"
            isEnabled = "YES">
         </EnvironmentVariable>
         <EnvironmentVariable
            key = "rc_extension"
            value = ""
            isEnabled = "YES">
         </EnvironmentVariable>
         <EnvironmentVariable
            key = "rc_password"
            value = "RNG94405"
            isEnabled = "YES">
         </EnvironmentVariable>
         <EnvironmentVariable
            key = "rc_server"
            value = "https://platform.devtest.ringcentral.com"
            isEnabled = "YES">
         </EnvironmentVariable>
         <EnvironmentVariable
            key = "rc_production"
            value = "false"
            isEnabled = "YES">
         </EnvironmentVariable>
      </EnvironmentVariables>
      <AdditionalOptions>
      </AdditionalOptions>
   </LaunchAction>
   <ProfileAction
      buildConfiguration = "Release"
      shouldUseLaunchSchemeArgsEnv = "YES"
      savedToolIdentifier = ""
      useCustomWorkingDirectory = "NO"
      debugDocumentVersioning = "YES">
      <MacroExpansion>
         <BuildableReference
            BuildableIdentifier = "primary"
            BlueprintIdentifier = "879ADEBC1D98C409008E7735"
            BuildableName = "RingCentral.framework"
            BlueprintName = "RingCentral_macOS"
            ReferencedContainer = "container:RingCentral.xcodeproj">
         </BuildableReference>
      </MacroExpansion>
   </ProfileAction>
   <AnalyzeAction
      buildConfiguration = "Debug">
   </AnalyzeAction>
   <ArchiveAction
      buildConfiguration = "Release"
      revealArchiveInOrganizer = "YES">
   </ArchiveAction>
</Scheme>
